
Microsoft Visual Studio Solution File, Format Version 12.00
# Visual Studio 15
VisualStudioVersion = 15.0.26730.12
MinimumVisualStudioVersion = 10.0.40219.1
Project("{FAE04EC0-301F-11D3-BF4B-00C04F79EFBC}") = "WX_Store", "WX_Store\WX_Store.csproj", "{FF7B864C-AAAC-490A-BAC2-BB2E24A1DB13}"
EndProject
Project("{2150E333-8FDC-42A3-9474-1A3956D46DE8}") = "BLL业务层", "BLL业务层", "{F4820B01-9F1C-4666-94DD-933AE955C015}"
EndProject
Project("{2150E333-8FDC-42A3-9474-1A3956D46DE8}") = "DAL数据访问层", "DAL数据访问层", "{37B03EDA-6FC3-4D7C-B503-CB0907C4EA1A}"
EndProject
Project("{2150E333-8FDC-42A3-9474-1A3956D46DE8}") = "IBLL业务接口层", "IBLL业务接口层", "{34D783B1-AF58-4879-93AC-70935C657A67}"
EndProject
Project("{2150E333-8FDC-42A3-9474-1A3956D46DE8}") = "IDAL数据访问接口层", "IDAL数据访问接口层", "{F99C58F4-3CA9-43A1-8784-8718D1B04D8F}"
EndProject
Project("{2150E333-8FDC-42A3-9474-1A3956D46DE8}") = "Model", "Model", "{9EDB9173-ABE5-410A-90D6-F744988BE5EB}"
EndProject
Project("{2150E333-8FDC-42A3-9474-1A3956D46DE8}") = "UI", "UI", "{D223996F-C903-47B9-88CF-71C8477CE6DD}"
EndProject
Project("{FAE04EC0-301F-11D3-BF4B-00C04F79EFBC}") = "Fish_Repository", "Fish_Repository\Fish_Repository.csproj", "{D313CC33-C61D-4965-84E4-313C4F4514FA}"
EndProject
Project("{FAE04EC0-301F-11D3-BF4B-00C04F79EFBC}") = "Fish_IRepository", "Fish_IRepository\Fish_IRepository.csproj", "{6B8E7226-13F0-4E15-8136-3227D74A3635}"
EndProject
Project("{FAE04EC0-301F-11D3-BF4B-00C04F79EFBC}") = "IBaseService", "IBaseService\IBaseService.csproj", "{61B276C4-47BB-4E94-BE9F-7637127FA0C5}"
EndProject
Project("{FAE04EC0-301F-11D3-BF4B-00C04F79EFBC}") = "Fish_Service", "Fish_Service\Fish_Service.csproj", "{EF96B5DC-337A-4105-B88B-4E85F429CA8E}"
EndProject
Project("{FAE04EC0-301F-11D3-BF4B-00C04F79EFBC}") = "WxShop_Model", "WxShop_Model\WxShop_Model.csproj", "{7315A76E-CAF5-407D-8AAB-CA1467E121E6}"
EndProject
Global
	GlobalSection(SolutionConfigurationPlatforms) = preSolution
		Debug|Any CPU = Debug|Any CPU
		Release|Any CPU = Release|Any CPU
	EndGlobalSection
	GlobalSection(ProjectConfigurationPlatforms) = postSolution
		{FF7B864C-AAAC-490A-BAC2-BB2E24A1DB13}.Debug|Any CPU.ActiveCfg = Debug|Any CPU
		{FF7B864C-AAAC-490A-BAC2-BB2E24A1DB13}.Debug|Any CPU.Build.0 = Debug|Any CPU
		{FF7B864C-AAAC-490A-BAC2-BB2E24A1DB13}.Release|Any CPU.ActiveCfg = Release|Any CPU
		{FF7B864C-AAAC-490A-BAC2-BB2E24A1DB13}.Release|Any CPU.Build.0 = Release|Any CPU
		{D313CC33-C61D-4965-84E4-313C4F4514FA}.Debug|Any CPU.ActiveCfg = Debug|Any CPU
		{D313CC33-C61D-4965-84E4-313C4F4514FA}.Debug|Any CPU.Build.0 = Debug|Any CPU
		{D313CC33-C61D-4965-84E4-313C4F4514FA}.Release|Any CPU.ActiveCfg = Release|Any CPU
		{D313CC33-C61D-4965-84E4-313C4F4514FA}.Release|Any CPU.Build.0 = Release|Any CPU
		{6B8E7226-13F0-4E15-8136-3227D74A3635}.Debug|Any CPU.ActiveCfg = Debug|Any CPU
		{6B8E7226-13F0-4E15-8136-3227D74A3635}.Debug|Any CPU.Build.0 = Debug|Any CPU
		{6B8E7226-13F0-4E15-8136-3227D74A3635}.Release|Any CPU.ActiveCfg = Release|Any CPU
		{6B8E7226-13F0-4E15-8136-3227D74A3635}.Release|Any CPU.Build.0 = Release|Any CPU
		{61B276C4-47BB-4E94-BE9F-7637127FA0C5}.Debug|Any CPU.ActiveCfg = Debug|Any CPU
		{61B276C4-47BB-4E94-BE9F-7637127FA0C5}.Debug|Any CPU.Build.0 = Debug|Any CPU
		{61B276C4-47BB-4E94-BE9F-7637127FA0C5}.Release|Any CPU.ActiveCfg = Release|Any CPU
		{61B276C4-47BB-4E94-BE9F-7637127FA0C5}.Release|Any CPU.Build.0 = Release|Any CPU
		{EF96B5DC-337A-4105-B88B-4E85F429CA8E}.Debug|Any CPU.ActiveCfg = Debug|Any CPU
		{EF96B5DC-337A-4105-B88B-4E85F429CA8E}.Debug|Any CPU.Build.0 = Debug|Any CPU
		{EF96B5DC-337A-4105-B88B-4E85F429CA8E}.Release|Any CPU.ActiveCfg = Release|Any CPU
		{EF96B5DC-337A-4105-B88B-4E85F429CA8E}.Release|Any CPU.Build.0 = Release|Any CPU
		{7315A76E-CAF5-407D-8AAB-CA1467E121E6}.Debug|Any CPU.ActiveCfg = Debug|Any CPU
		{7315A76E-CAF5-407D-8AAB-CA1467E121E6}.Debug|Any CPU.Build.0 = Debug|Any CPU
		{7315A76E-CAF5-407D-8AAB-CA1467E121E6}.Release|Any CPU.ActiveCfg = Release|Any CPU
		{7315A76E-CAF5-407D-8AAB-CA1467E121E6}.Release|Any CPU.Build.0 = Release|Any CPU
	EndGlobalSection
	GlobalSection(SolutionProperties) = preSolution
		HideSolutionNode = FALSE
	EndGlobalSection
	GlobalSection(NestedProjects) = preSolution
		{FF7B864C-AAAC-490A-BAC2-BB2E24A1DB13} = {D223996F-C903-47B9-88CF-71C8477CE6DD}
		{D313CC33-C61D-4965-84E4-313C4F4514FA} = {37B03EDA-6FC3-4D7C-B503-CB0907C4EA1A}
		{6B8E7226-13F0-4E15-8136-3227D74A3635} = {F99C58F4-3CA9-43A1-8784-8718D1B04D8F}
		{61B276C4-47BB-4E94-BE9F-7637127FA0C5} = {34D783B1-AF58-4879-93AC-70935C657A67}
		{EF96B5DC-337A-4105-B88B-4E85F429CA8E} = {F4820B01-9F1C-4666-94DD-933AE955C015}
		{7315A76E-CAF5-407D-8AAB-CA1467E121E6} = {9EDB9173-ABE5-410A-90D6-F744988BE5EB}
	EndGlobalSection
	GlobalSection(ExtensibilityGlobals) = postSolution
		SolutionGuid = {32A93A82-E5AF-4842-BFE0-B7758ED8CD9D}
	EndGlobalSection
EndGlobal
